{
  "name": "@valentine-stone/pystruct",
  "version": "1.1.1",
  "lockfileVersion": 2,
  "requires": true,
  "packages": {
    "": {
      "name": "@valentine-stone/pystruct",
      "version": "1.1.1",
      "license": "ISC",
      "dependencies": {
        "@petamoriken/float16": "^3.8.4"
      }
    },
    "node_modules/@petamoriken/float16": {
      "version": "3.8.4",
      "resolved": "https://registry.npmjs.org/@petamoriken/float16/-/float16-3.8.4.tgz",
      "integrity": "sha512-kB+NJ5Br56ZhElKsf0pM7/PQfrDdDVMRz8f0JM6eVOGE+L89z9hwcst9QvWBBnazzuqGTGtPsJNZoQ1JdNiGSQ=="
    }
  },
  "dependencies": {
    "@petamoriken/float16": {
      "version": "3.8.4",
      "resolved": "https://registry.npmjs.org/@petamoriken/float16/-/float16-3.8.4.tgz",
      "integrity": "sha512-kB+NJ5Br56ZhElKsf0pM7/PQfrDdDVMRz8f0JM6eVOGE+L89z9hwcst9QvWBBnazzuqGTGtPsJNZoQ1JdNiGSQ=="
    }
  }
}
